
Microsoft Visual Studio Solution File, Format Version 12.00
# Visual Studio Version 16
VisualStudioVersion = 16.0.32106.194
MinimumVisualStudioVersion = 10.0.40219.1
Project("{FAE04EC0-301F-11D3-BF4B-00C04F79EFBC}") = "ExpenseTrackerNew", "ExpenseTrackerNew.csproj", "{6B473077-1559-438A-B19B-B64F3F1FE2DF}"
EndProject
Global
	GlobalSection(SolutionConfigurationPlatforms) = preSolution
		Debug|Any CPU = Debug|Any CPU
		Release|Any CPU = Release|Any CPU
	EndGlobalSection
	GlobalSection(ProjectConfigurationPlatforms) = postSolution
		{6B473077-1559-438A-B19B-B64F3F1FE2DF}.Debug|Any CPU.ActiveCfg = Debug|Any CPU
		{6B473077-1559-438A-B19B-B64F3F1FE2DF}.Debug|Any CPU.Build.0 = Debug|Any CPU
		{6B473077-1559-438A-B19B-B64F3F1FE2DF}.Release|Any CPU.ActiveCfg = Release|Any CPU
		{6B473077-1559-438A-B19B-B64F3F1FE2DF}.Release|Any CPU.Build.0 = Release|Any CPU
	EndGlobalSection
	GlobalSection(SolutionProperties) = preSolution
		HideSolutionNode = FALSE
	EndGlobalSection
	GlobalSection(ExtensibilityGlobals) = postSolution
		SolutionGuid = {850E8827-64AF-4E93-B251-D5FA1F094E02}
	EndGlobalSection
EndGlobal
